// !$*UTF8*$!
{
	archiveVersion = 1;
	classes = {
	};
	objectVersion = 46;
	objects = {

/* Begin PBXBuildFile section */
		812B721918A20AE2003DD0F4 /* Firebase.framework in Frameworks */ = {isa = PBXBuildFile; fileRef = 812B721818A20AE2003DD0F4 /* Firebase.framework */; };
		DA0146AF17B4469400D8E62F /* Images-2.xcassets in Resources */ = {isa = PBXBuildFile; fileRef = DA0146AE17B4469400D8E62F /* Images-2.xcassets */; };
		DA01F04C18A0BC6D0064DB7D /* libicucore.dylib in Frameworks */ = {isa = PBXBuildFile; fileRef = DA01F04B18A0BC6D0064DB7D /* libicucore.dylib */; };
		DA01F04E18A0BC860064DB7D /* Security.framework in Frameworks */ = {isa = PBXBuildFile; fileRef = DA01F04D18A0BC860064DB7D /* Security.framework */; };
		DA35FD16177275E4008E77D9 /* UIKit.framework in Frameworks */ = {isa = PBXBuildFile; fileRef = DA35FD15177275E4008E77D9 /* UIKit.framework */; };
		DA35FD18177275E4008E77D9 /* Foundation.framework in Frameworks */ = {isa = PBXBuildFile; fileRef = DA35FD17177275E4008E77D9 /* Foundation.framework */; };
		DA35FD1A177275E4008E77D9 /* CoreGraphics.framework in Frameworks */ = {isa = PBXBuildFile; fileRef = DA35FD19177275E4008E77D9 /* CoreGraphics.framework */; };
		DA35FD20177275E4008E77D9 /* InfoPlist.strings in Resources */ = {isa = PBXBuildFile; fileRef = DA35FD1E177275E4008E77D9 /* InfoPlist.strings */; };
		DA35FD22177275E4008E77D9 /* main.m in Sources */ = {isa = PBXBuildFile; fileRef = DA35FD21177275E4008E77D9 /* main.m */; };
		DA35FD26177275E4008E77D9 /* BWAppDelegate.m in Sources */ = {isa = PBXBuildFile; fileRef = DA35FD25177275E4008E77D9 /* BWAppDelegate.m */; };
		DA35FD28177275E4008E77D9 /* Default.png in Resources */ = {isa = PBXBuildFile; fileRef = DA35FD27177275E4008E77D9 /* Default.png */; };
		DA35FD2A177275E4008E77D9 /* Default@2x.png in Resources */ = {isa = PBXBuildFile; fileRef = DA35FD29177275E4008E77D9 /* Default@2x.png */; };
		DA35FD2C177275E4008E77D9 /* Default-568h@2x.png in Resources */ = {isa = PBXBuildFile; fileRef = DA35FD2B177275E4008E77D9 /* Default-568h@2x.png */; };
		DA35FD2F177275E4008E77D9 /* MainStoryboard.storyboard in Resources */ = {isa = PBXBuildFile; fileRef = DA35FD2D177275E4008E77D9 /* MainStoryboard.storyboard */; };
		DA35FD32177275E4008E77D9 /* BWFirstViewController.m in Sources */ = {isa = PBXBuildFile; fileRef = DA35FD31177275E4008E77D9 /* BWFirstViewController.m */; };
		DA35FD34177275E4008E77D9 /* first.png in Resources */ = {isa = PBXBuildFile; fileRef = DA35FD33177275E4008E77D9 /* first.png */; };
		DA35FD36177275E4008E77D9 /* first@2x.png in Resources */ = {isa = PBXBuildFile; fileRef = DA35FD35177275E4008E77D9 /* first@2x.png */; };
		DA35FD39177275E4008E77D9 /* BWSecondViewController.m in Sources */ = {isa = PBXBuildFile; fileRef = DA35FD38177275E4008E77D9 /* BWSecondViewController.m */; };
		DA35FD3B177275E4008E77D9 /* second.png in Resources */ = {isa = PBXBuildFile; fileRef = DA35FD3A177275E4008E77D9 /* second.png */; };
		DA35FD3D177275E4008E77D9 /* second@2x.png in Resources */ = {isa = PBXBuildFile; fileRef = DA35FD3C177275E4008E77D9 /* second@2x.png */; };
		DA35FD45177275E5008E77D9 /* SenTestingKit.framework in Frameworks */ = {isa = PBXBuildFile; fileRef = DA35FD44177275E5008E77D9 /* SenTestingKit.framework */; };
		DA35FD46177275E5008E77D9 /* UIKit.framework in Frameworks */ = {isa = PBXBuildFile; fileRef = DA35FD15177275E4008E77D9 /* UIKit.framework */; };
		DA35FD47177275E5008E77D9 /* Foundation.framework in Frameworks */ = {isa = PBXBuildFile; fileRef = DA35FD17177275E4008E77D9 /* Foundation.framework */; };
		DA35FD4F177275E5008E77D9 /* InfoPlist.strings in Resources */ = {isa = PBXBuildFile; fileRef = DA35FD4D177275E5008E77D9 /* InfoPlist.strings */; };
		DA35FD52177275E5008E77D9 /* AdelphosTests.m in Sources */ = {isa = PBXBuildFile; fileRef = DA35FD51177275E5008E77D9 /* AdelphosTests.m */; };
		DA35FD5C17727603008E77D9 /* AdelphoAppIcon.png in Resources */ = {isa = PBXBuildFile; fileRef = DA35FD5B17727603008E77D9 /* AdelphoAppIcon.png */; };
		DA35FD5E1772760A008E77D9 /* AdelphoAppIcon@2X.png in Resources */ = {isa = PBXBuildFile; fileRef = DA35FD5D1772760A008E77D9 /* AdelphoAppIcon@2X.png */; };
		DA35FD6017727A56008E77D9 /* MapKit.framework in Frameworks */ = {isa = PBXBuildFile; fileRef = DA35FD5F17727A55008E77D9 /* MapKit.framework */; };
		DA4A3F4C1773BE8500EAAD6B /* AdelphosBackround.png in Resources */ = {isa = PBXBuildFile; fileRef = DA4A3F4B1773BE8500EAAD6B /* AdelphosBackround.png */; };
		DA54292E1872AF1200D9E188 /* meerkat.jpg in Resources */ = {isa = PBXBuildFile; fileRef = DA54292D1872AF1200D9E188 /* meerkat.jpg */; };
		DA5429301872AFFC00D9E188 /* adel.mp3 in Resources */ = {isa = PBXBuildFile; fileRef = DA54292F1872AFFC00D9E188 /* adel.mp3 */; };
		DA8BAD151797178B00441A44 /* BWThirdViewController.m in Sources */ = {isa = PBXBuildFile; fileRef = DA8BAD141797178B00441A44 /* BWThirdViewController.m */; };
		DA93718618A31543003D9CBA /* CoreLocation.framework in Frameworks */ = {isa = PBXBuildFile; fileRef = DA93718518A31543003D9CBA /* CoreLocation.framework */; };
		DAB5E7F81772DE3C0019487C /* chap.gpx in Resources */ = {isa = PBXBuildFile; fileRef = DAB5E7F71772DE3C0019487C /* chap.gpx */; };
		DAD1179A18A203C40084074E /* libc++.dylib in Frameworks */ = {isa = PBXBuildFile; fileRef = DAD1179918A203C40084074E /* libc++.dylib */; };
		DADF955B177372010099B831 /* CFNetwork.framework in Frameworks */ = {isa = PBXBuildFile; fileRef = DADF955A177372010099B831 /* CFNetwork.framework */; };
		DADF955D177372190099B831 /* SystemConfiguration.framework in Frameworks */ = {isa = PBXBuildFile; fileRef = DADF955C177372190099B831 /* SystemConfiguration.framework */; };
		DADF955F177372240099B831 /* MobileCoreServices.framework in Frameworks */ = {isa = PBXBuildFile; fileRef = DADF955E177372240099B831 /* MobileCoreServices.framework */; };
		DADF95611773722E0099B831 /* libz.dylib in Frameworks */ = {isa = PBXBuildFile; fileRef = DADF95601773722E0099B831 /* libz.dylib */; };
/* End PBXBuildFile section */

/* Begin PBXContainerItemProxy section */
		DA35FD48177275E5008E77D9 /* PBXContainerItemProxy */ = {
			isa = PBXContainerItemProxy;
			containerPortal = DA35FD0A177275E4008E77D9 /* Project object */;
			proxyType = 1;
			remoteGlobalIDString = DA35FD11177275E4008E77D9;
			remoteInfo = Adelphos;
		};
/* End PBXContainerItemProxy section */

/* Begin PBXFileReference section */
		812B721818A20AE2003DD0F4 /* Firebase.framework */ = {isa = PBXFileReference; lastKnownFileType = wrapper.framework; path = Firebase.framework; sourceTree = "<group>"; };
		DA0146AE17B4469400D8E62F /* Images-2.xcassets */ = {isa = PBXFileReference; lastKnownFileType = folder.assetcatalog; path = "Images-2.xcassets"; sourceTree = "<group>"; };
		DA01F04B18A0BC6D0064DB7D /* libicucore.dylib */ = {isa = PBXFileReference; lastKnownFileType = "compiled.mach-o.dylib"; name = libicucore.dylib; path = usr/lib/libicucore.dylib; sourceTree = SDKROOT; };
		DA01F04D18A0BC860064DB7D /* Security.framework */ = {isa = PBXFileReference; lastKnownFileType = wrapper.framework; name = Security.framework; path = System/Library/Frameworks/Security.framework; sourceTree = SDKROOT; };
		DA35FD12177275E4008E77D9 /* Adelphos.app */ = {isa = PBXFileReference; explicitFileType = wrapper.application; includeInIndex = 0; path = Adelphos.app; sourceTree = BUILT_PRODUCTS_DIR; };
		DA35FD15177275E4008E77D9 /* UIKit.framework */ = {isa = PBXFileReference; lastKnownFileType = wrapper.framework; name = UIKit.framework; path = System/Library/Frameworks/UIKit.framework; sourceTree = SDKROOT; };
		DA35FD17177275E4008E77D9 /* Foundation.framework */ = {isa = PBXFileReference; lastKnownFileType = wrapper.framework; name = Foundation.framework; path = System/Library/Frameworks/Foundation.framework; sourceTree = SDKROOT; };
		DA35FD19177275E4008E77D9 /* CoreGraphics.framework */ = {isa = PBXFileReference; lastKnownFileType = wrapper.framework; name = CoreGraphics.framework; path = System/Library/Frameworks/CoreGraphics.framework; sourceTree = SDKROOT; };
		DA35FD1D177275E4008E77D9 /* Adelphos-Info.plist */ = {isa = PBXFileReference; lastKnownFileType = text.plist.xml; path = "Adelphos-Info.plist"; sourceTree = "<group>"; };
		DA35FD1F177275E4008E77D9 /* en */ = {isa = PBXFileReference; lastKnownFileType = text.plist.strings; name = en; path = en.lproj/InfoPlist.strings; sourceTree = "<group>"; };
		DA35FD21177275E4008E77D9 /* main.m */ = {isa = PBXFileReference; lastKnownFileType = sourcecode.c.objc; path = main.m; sourceTree = "<group>"; };
		DA35FD23177275E4008E77D9 /* Adelphos-Prefix.pch */ = {isa = PBXFileReference; lastKnownFileType = sourcecode.c.h; path = "Adelphos-Prefix.pch"; sourceTree = "<group>"; };
		DA35FD24177275E4008E77D9 /* BWAppDelegate.h */ = {isa = PBXFileReference; lastKnownFileType = sourcecode.c.h; path = BWAppDelegate.h; sourceTree = "<group>"; };
		DA35FD25177275E4008E77D9 /* BWAppDelegate.m */ = {isa = PBXFileReference; lastKnownFileType = sourcecode.c.objc; path = BWAppDelegate.m; sourceTree = "<group>"; };
		DA35FD27177275E4008E77D9 /* Default.png */ = {isa = PBXFileReference; lastKnownFileType = image.png; path = Default.png; sourceTree = "<group>"; };
		DA35FD29177275E4008E77D9 /* Default@2x.png */ = {isa = PBXFileReference; lastKnownFileType = image.png; path = "Default@2x.png"; sourceTree = "<group>"; };
		DA35FD2B177275E4008E77D9 /* Default-568h@2x.png */ = {isa = PBXFileReference; lastKnownFileType = image.png; path = "Default-568h@2x.png"; sourceTree = "<group>"; };
		DA35FD2E177275E4008E77D9 /* en */ = {isa = PBXFileReference; lastKnownFileType = file.storyboard; name = en; path = en.lproj/MainStoryboard.storyboard; sourceTree = "<group>"; };
		DA35FD30177275E4008E77D9 /* BWFirstViewController.h */ = {isa = PBXFileReference; lastKnownFileType = sourcecode.c.h; path = BWFirstViewController.h; sourceTree = "<group>"; };
		DA35FD31177275E4008E77D9 /* BWFirstViewController.m */ = {isa = PBXFileReference; lastKnownFileType = sourcecode.c.objc; path = BWFirstViewController.m; sourceTree = "<group>"; };
		DA35FD33177275E4008E77D9 /* first.png */ = {isa = PBXFileReference; lastKnownFileType = image.png; path = first.png; sourceTree = "<group>"; };
		DA35FD35177275E4008E77D9 /* first@2x.png */ = {isa = PBXFileReference; lastKnownFileType = image.png; path = "first@2x.png"; sourceTree = "<group>"; };
		DA35FD37177275E4008E77D9 /* BWSecondViewController.h */ = {isa = PBXFileReference; lastKnownFileType = sourcecode.c.h; path = BWSecondViewController.h; sourceTree = "<group>"; };
		DA35FD38177275E4008E77D9 /* BWSecondViewController.m */ = {isa = PBXFileReference; lastKnownFileType = sourcecode.c.objc; path = BWSecondViewController.m; sourceTree = "<group>"; };
		DA35FD3A177275E4008E77D9 /* second.png */ = {isa = PBXFileReference; lastKnownFileType = image.png; path = second.png; sourceTree = "<group>"; };
		DA35FD3C177275E4008E77D9 /* second@2x.png */ = {isa = PBXFileReference; lastKnownFileType = image.png; path = "second@2x.png"; sourceTree = "<group>"; };
		DA35FD43177275E5008E77D9 /* AdelphosTests.octest */ = {isa = PBXFileReference; explicitFileType = wrapper.cfbundle; includeInIndex = 0; path = AdelphosTests.octest; sourceTree = BUILT_PRODUCTS_DIR; };
		DA35FD44177275E5008E77D9 /* SenTestingKit.framework */ = {isa = PBXFileReference; lastKnownFileType = wrapper.framework; name = SenTestingKit.framework; path = Library/Frameworks/SenTestingKit.framework; sourceTree = DEVELOPER_DIR; };
		DA35FD4C177275E5008E77D9 /* AdelphosTests-Info.plist */ = {isa = PBXFileReference; lastKnownFileType = text.plist.xml; path = "AdelphosTests-Info.plist"; sourceTree = "<group>"; };
		DA35FD4E177275E5008E77D9 /* en */ = {isa = PBXFileReference; lastKnownFileType = text.plist.strings; name = en; path = en.lproj/InfoPlist.strings; sourceTree = "<group>"; };
		DA35FD50177275E5008E77D9 /* AdelphosTests.h */ = {isa = PBXFileReference; lastKnownFileType = sourcecode.c.h; path = AdelphosTests.h; sourceTree = "<group>"; };
		DA35FD51177275E5008E77D9 /* AdelphosTests.m */ = {isa = PBXFileReference; lastKnownFileType = sourcecode.c.objc; path = AdelphosTests.m; sourceTree = "<group>"; };
		DA35FD5B17727603008E77D9 /* AdelphoAppIcon.png */ = {isa = PBXFileReference; lastKnownFileType = image.png; path = AdelphoAppIcon.png; sourceTree = "<group>"; };
		DA35FD5D1772760A008E77D9 /* AdelphoAppIcon@2X.png */ = {isa = PBXFileReference; lastKnownFileType = image.png; path = "AdelphoAppIcon@2X.png"; sourceTree = "<group>"; };
		DA35FD5F17727A55008E77D9 /* MapKit.framework */ = {isa = PBXFileReference; lastKnownFileType = wrapper.framework; name = MapKit.framework; path = System/Library/Frameworks/MapKit.framework; sourceTree = SDKROOT; };
		DA489493177A1631001049FD /* Annotation.h */ = {isa = PBXFileReference; lastKnownFileType = sourcecode.c.h; path = Annotation.h; sourceTree = "<group>"; };
		DA489494177A1631001049FD /* Annotation.m */ = {isa = PBXFileReference; lastKnownFileType = sourcecode.c.objc; path = Annotation.m; sourceTree = "<group>"; };
		DA4A3F4B1773BE8500EAAD6B /* AdelphosBackround.png */ = {isa = PBXFileReference; lastKnownFileType = image.png; path = AdelphosBackround.png; sourceTree = "<group>"; };
		DA54292D1872AF1200D9E188 /* meerkat.jpg */ = {isa = PBXFileReference; lastKnownFileType = image.jpeg; path = meerkat.jpg; sourceTree = "<group>"; };
		DA54292F1872AFFC00D9E188 /* adel.mp3 */ = {isa = PBXFileReference; lastKnownFileType = audio.mp3; path = adel.mp3; sourceTree = "<group>"; };
		DA8BAD131797174C00441A44 /* BWThirdViewController.h */ = {isa = PBXFileReference; fileEncoding = 4; lastKnownFileType = sourcecode.c.h; path = BWThirdViewController.h; sourceTree = "<group>"; };
		DA8BAD141797178B00441A44 /* BWThirdViewController.m */ = {isa = PBXFileReference; fileEncoding = 4; lastKnownFileType = sourcecode.c.objc; path = BWThirdViewController.m; sourceTree = "<group>"; };
		DA93718518A31543003D9CBA /* CoreLocation.framework */ = {isa = PBXFileReference; lastKnownFileType = wrapper.framework; name = CoreLocation.framework; path = System/Library/Frameworks/CoreLocation.framework; sourceTree = SDKROOT; };
		DAB5E7F71772DE3C0019487C /* chap.gpx */ = {isa = PBXFileReference; fileEncoding = 4; lastKnownFileType = text; path = chap.gpx; sourceTree = "<group>"; };
		DAD1179918A203C40084074E /* libc++.dylib */ = {isa = PBXFileReference; lastKnownFileType = "compiled.mach-o.dylib"; name = "libc++.dylib"; path = "usr/lib/libc++.dylib"; sourceTree = SDKROOT; };
		DADF955A177372010099B831 /* CFNetwork.framework */ = {isa = PBXFileReference; lastKnownFileType = wrapper.framework; name = CFNetwork.framework; path = System/Library/Frameworks/CFNetwork.framework; sourceTree = SDKROOT; };
		DADF955C177372190099B831 /* SystemConfiguration.framework */ = {isa = PBXFileReference; lastKnownFileType = wrapper.framework; name = SystemConfiguration.framework; path = System/Library/Frameworks/SystemConfiguration.framework; sourceTree = SDKROOT; };
		DADF955E177372240099B831 /* MobileCoreServices.framework */ = {isa = PBXFileReference; lastKnownFileType = wrapper.framework; name = MobileCoreServices.framework; path = System/Library/Frameworks/MobileCoreServices.framework; sourceTree = SDKROOT; };
		DADF95601773722E0099B831 /* libz.dylib */ = {isa = PBXFileReference; lastKnownFileType = "compiled.mach-o.dylib"; name = libz.dylib; path = usr/lib/libz.dylib; sourceTree = SDKROOT; };
/* End PBXFileReference section */

/* Begin PBXFrameworksBuildPhase section */
		DA35FD0F177275E4008E77D9 /* Frameworks */ = {
			isa = PBXFrameworksBuildPhase;
			buildActionMask = 2147483647;
			files = (
				DA93718618A31543003D9CBA /* CoreLocation.framework in Frameworks */,
				DAD1179A18A203C40084074E /* libc++.dylib in Frameworks */,
				DA01F04E18A0BC860064DB7D /* Security.framework in Frameworks */,
				DADF955B177372010099B831 /* CFNetwork.framework in Frameworks */,
				DA01F04C18A0BC6D0064DB7D /* libicucore.dylib in Frameworks */,
				DADF95611773722E0099B831 /* libz.dylib in Frameworks */,
				DADF955F177372240099B831 /* MobileCoreServices.framework in Frameworks */,
				DADF955D177372190099B831 /* SystemConfiguration.framework in Frameworks */,
				812B721918A20AE2003DD0F4 /* Firebase.framework in Frameworks */,
				DA35FD6017727A56008E77D9 /* MapKit.framework in Frameworks */,
				DA35FD16177275E4008E77D9 /* UIKit.framework in Frameworks */,
				DA35FD18177275E4008E77D9 /* Foundation.framework in Frameworks */,
				DA35FD1A177275E4008E77D9 /* CoreGraphics.framework in Frameworks */,
			);
			runOnlyForDeploymentPostprocessing = 0;
		};
		DA35FD3F177275E4008E77D9 /* Frameworks */ = {
			isa = PBXFrameworksBuildPhase;
			buildActionMask = 2147483647;
			files = (
				DA35FD45177275E5008E77D9 /* SenTestingKit.framework in Frameworks */,
				DA35FD46177275E5008E77D9 /* UIKit.framework in Frameworks */,
				DA35FD47177275E5008E77D9 /* Foundation.framework in Frameworks */,
			);
			runOnlyForDeploymentPostprocessing = 0;
		};
/* End PBXFrameworksBuildPhase section */

/* Begin PBXGroup section */
		DA35FD09177275E4008E77D9 = {
			isa = PBXGroup;
			children = (
				DAB5E7F71772DE3C0019487C /* chap.gpx */,
				DA35FD5F17727A55008E77D9 /* MapKit.framework */,
				DA35FD5D1772760A008E77D9 /* AdelphoAppIcon@2X.png */,
				DA35FD5B17727603008E77D9 /* AdelphoAppIcon.png */,
				DA35FD1B177275E4008E77D9 /* Adelphos */,
				DA35FD4A177275E5008E77D9 /* AdelphosTests */,
				DA35FD14177275E4008E77D9 /* Frameworks */,
				DA35FD13177275E4008E77D9 /* Products */,
			);
			sourceTree = "<group>";
		};
		DA35FD13177275E4008E77D9 /* Products */ = {
			isa = PBXGroup;
			children = (
				DA35FD12177275E4008E77D9 /* Adelphos.app */,
				DA35FD43177275E5008E77D9 /* AdelphosTests.octest */,
			);
			name = Products;
			sourceTree = "<group>";
		};
		DA35FD14177275E4008E77D9 /* Frameworks */ = {
			isa = PBXGroup;
			children = (
				DA93718518A31543003D9CBA /* CoreLocation.framework */,
				812B721818A20AE2003DD0F4 /* Firebase.framework */,
				DAD1179918A203C40084074E /* libc++.dylib */,
				DA01F04D18A0BC860064DB7D /* Security.framework */,
				DA01F04B18A0BC6D0064DB7D /* libicucore.dylib */,
				DADF95601773722E0099B831 /* libz.dylib */,
				DADF955E177372240099B831 /* MobileCoreServices.framework */,
				DADF955C177372190099B831 /* SystemConfiguration.framework */,
				DADF955A177372010099B831 /* CFNetwork.framework */,
				DA35FD15177275E4008E77D9 /* UIKit.framework */,
				DA35FD17177275E4008E77D9 /* Foundation.framework */,
				DA35FD19177275E4008E77D9 /* CoreGraphics.framework */,
				DA35FD44177275E5008E77D9 /* SenTestingKit.framework */,
			);
			name = Frameworks;
			sourceTree = "<group>";
		};
		DA35FD1B177275E4008E77D9 /* Adelphos */ = {
			isa = PBXGroup;
			children = (
				DA8BAD131797174C00441A44 /* BWThirdViewController.h */,
				DA8BAD141797178B00441A44 /* BWThirdViewController.m */,
				DA4A3F4B1773BE8500EAAD6B /* AdelphosBackround.png */,
				DA35FD24177275E4008E77D9 /* BWAppDelegate.h */,
				DA35FD25177275E4008E77D9 /* BWAppDelegate.m */,
				DA35FD2D177275E4008E77D9 /* MainStoryboard.storyboard */,
				DA35FD30177275E4008E77D9 /* BWFirstViewController.h */,
				DA35FD31177275E4008E77D9 /* BWFirstViewController.m */,
				DA35FD33177275E4008E77D9 /* first.png */,
				DA35FD35177275E4008E77D9 /* first@2x.png */,
				DA35FD37177275E4008E77D9 /* BWSecondViewController.h */,
				DA35FD38177275E4008E77D9 /* BWSecondViewController.m */,
				DA35FD3A177275E4008E77D9 /* second.png */,
				DA35FD3C177275E4008E77D9 /* second@2x.png */,
				DA35FD1C177275E4008E77D9 /* Supporting Files */,
				DA489493177A1631001049FD /* Annotation.h */,
				DA489494177A1631001049FD /* Annotation.m */,
				DA0146AE17B4469400D8E62F /* Images-2.xcassets */,
				DA54292F1872AFFC00D9E188 /* adel.mp3 */,
				DA54292D1872AF1200D9E188 /* meerkat.jpg */,
			);
			path = Adelphos;
			sourceTree = "<group>";
		};
		DA35FD1C177275E4008E77D9 /* Supporting Files */ = {
			isa = PBXGroup;
			children = (
				DA35FD1D177275E4008E77D9 /* Adelphos-Info.plist */,
				DA35FD1E177275E4008E77D9 /* InfoPlist.strings */,
				DA35FD21177275E4008E77D9 /* main.m */,
				DA35FD23177275E4008E77D9 /* Adelphos-Prefix.pch */,
				DA35FD27177275E4008E77D9 /* Default.png */,
				DA35FD29177275E4008E77D9 /* Default@2x.png */,
				DA35FD2B177275E4008E77D9 /* Default-568h@2x.png */,
			);
			name = "Supporting Files";
			sourceTree = "<group>";
		};
		DA35FD4A177275E5008E77D9 /* AdelphosTests */ = {
			isa = PBXGroup;
			children = (
				DA35FD50177275E5008E77D9 /* AdelphosTests.h */,
				DA35FD51177275E5008E77D9 /* AdelphosTests.m */,
				DA35FD4B177275E5008E77D9 /* Supporting Files */,
			);
			path = AdelphosTests;
			sourceTree = "<group>";
		};
		DA35FD4B177275E5008E77D9 /* Supporting Files */ = {
			isa = PBXGroup;
			children = (
				DA35FD4C177275E5008E77D9 /* AdelphosTests-Info.plist */,
				DA35FD4D177275E5008E77D9 /* InfoPlist.strings */,
			);
			name = "Supporting Files";
			sourceTree = "<group>";
		};
/* End PBXGroup section */

/* Begin PBXNativeTarget section */
		DA35FD11177275E4008E77D9 /* Adelphos */ = {
			isa = PBXNativeTarget;
			buildConfigurationList = DA35FD55177275E5008E77D9 /* Build configuration list for PBXNativeTarget "Adelphos" */;
			buildPhases = (
				DA35FD0E177275E4008E77D9 /* Sources */,
				DA35FD0F177275E4008E77D9 /* Frameworks */,
				DA35FD10177275E4008E77D9 /* Resources */,
			);
			buildRules = (
			);
			dependencies = (
			);
			name = Adelphos;
			productName = Adelphos;
			productReference = DA35FD12177275E4008E77D9 /* Adelphos.app */;
			productType = "com.apple.product-type.application";
		};
		DA35FD42177275E4008E77D9 /* AdelphosTests */ = {
			isa = PBXNativeTarget;
			buildConfigurationList = DA35FD58177275E5008E77D9 /* Build configuration list for PBXNativeTarget "AdelphosTests" */;
			buildPhases = (
				DA35FD3E177275E4008E77D9 /* Sources */,
				DA35FD3F177275E4008E77D9 /* Frameworks */,
				DA35FD40177275E4008E77D9 /* Resources */,
				DA35FD41177275E4008E77D9 /* ShellScript */,
			);
			buildRules = (
			);
			dependencies = (
				DA35FD49177275E5008E77D9 /* PBXTargetDependency */,
			);
			name = AdelphosTests;
			productName = AdelphosTests;
			productReference = DA35FD43177275E5008E77D9 /* AdelphosTests.octest */;
			productType = "com.apple.product-type.bundle";
		};
/* End PBXNativeTarget section */

/* Begin PBXProject section */
		DA35FD0A177275E4008E77D9 /* Project object */ = {
			isa = PBXProject;
			attributes = {
				CLASSPREFIX = BW;
				LastUpgradeCheck = 0460;
				ORGANIZATIONNAME = "Alexander Cruttenden";
			};
			buildConfigurationList = DA35FD0D177275E4008E77D9 /* Build configuration list for PBXProject "Adelphos" */;
			compatibilityVersion = "Xcode 3.2";
			developmentRegion = English;
			hasScannedForEncodings = 0;
			knownRegions = (
				en,
			);
			mainGroup = DA35FD09177275E4008E77D9;
			productRefGroup = DA35FD13177275E4008E77D9 /* Products */;
			projectDirPath = "";
			projectRoot = "";
			targets = (
				DA35FD11177275E4008E77D9 /* Adelphos */,
				DA35FD42177275E4008E77D9 /* AdelphosTests */,
			);
		};
/* End PBXProject section */

/* Begin PBXResourcesBuildPhase section */
		DA35FD10177275E4008E77D9 /* Resources */ = {
			isa = PBXResourcesBuildPhase;
			buildActionMask = 2147483647;
			files = (
				DA35FD20177275E4008E77D9 /* InfoPlist.strings in Resources */,
				DA35FD28177275E4008E77D9 /* Default.png in Resources */,
				DA35FD2A177275E4008E77D9 /* Default@2x.png in Resources */,
				DA0146AF17B4469400D8E62F /* Images-2.xcassets in Resources */,
				DA54292E1872AF1200D9E188 /* meerkat.jpg in Resources */,
				DA35FD2C177275E4008E77D9 /* Default-568h@2x.png in Resources */,
				DA35FD2F177275E4008E77D9 /* MainStoryboard.storyboard in Resources */,
				DA35FD34177275E4008E77D9 /* first.png in Resources */,
				DA4A3F4C1773BE8500EAAD6B /* AdelphosBackround.png in Resources */,
				DA35FD36177275E4008E77D9 /* first@2x.png in Resources */,
				DA35FD3B177275E4008E77D9 /* second.png in Resources */,
				DA35FD3D177275E4008E77D9 /* second@2x.png in Resources */,
				DA5429301872AFFC00D9E188 /* adel.mp3 in Resources */,
				DA35FD5C17727603008E77D9 /* AdelphoAppIcon.png in Resources */,
				DA35FD5E1772760A008E77D9 /* AdelphoAppIcon@2X.png in Resources */,
				DAB5E7F81772DE3C0019487C /* chap.gpx in Resources */,
			);
			runOnlyForDeploymentPostprocessing = 0;
		};
		DA35FD40177275E4008E77D9 /* Resources */ = {
			isa = PBXResourcesBuildPhase;
			buildActionMask = 2147483647;
			files = (
				DA35FD4F177275E5008E77D9 /* InfoPlist.strings in Resources */,
			);
			runOnlyForDeploymentPostprocessing = 0;
		};
/* End PBXResourcesBuildPhase section */

/* Begin PBXShellScriptBuildPhase section */
		DA35FD41177275E4008E77D9 /* ShellScript */ = {
			isa = PBXShellScriptBuildPhase;
			buildActionMask = 2147483647;
			files = (
			);
			inputPaths = (
			);
			outputPaths = (
			);
			runOnlyForDeploymentPostprocessing = 0;
			shellPath = /bin/sh;
			shellScript = "# Run the unit tests in this test bundle.\n\"${SYSTEM_DEVELOPER_DIR}/Tools/RunUnitTests\"\n";
		};
/* End PBXShellScriptBuildPhase section */

/* Begin PBXSourcesBuildPhase section */
		DA35FD0E177275E4008E77D9 /* Sources */ = {
			isa = PBXSourcesBuildPhase;
			buildActionMask = 2147483647;
			files = (
				DA8BAD151797178B00441A44 /* BWThirdViewController.m in Sources */,
				DA35FD22177275E4008E77D9 /* main.m in Sources */,
				DA35FD26177275E4008E77D9 /* BWAppDelegate.m in Sources */,
				DA35FD32177275E4008E77D9 /* BWFirstViewController.m in Sources */,
				DA35FD39177275E4008E77D9 /* BWSecondViewController.m in Sources */,
			);
			runOnlyForDeploymentPostprocessing = 0;
		};
		DA35FD3E177275E4008E77D9 /* Sources */ = {
			isa = PBXSourcesBuildPhase;
			buildActionMask = 2147483647;
			files = (
				DA35FD52177275E5008E77D9 /* AdelphosTests.m in Sources */,
			);
			runOnlyForDeploymentPostprocessing = 0;
		};
/* End PBXSourcesBuildPhase section */

/* Begin PBXTargetDependency section */
		DA35FD49177275E5008E77D9 /* PBXTargetDependency */ = {
			isa = PBXTargetDependency;
			target = DA35FD11177275E4008E77D9 /* Adelphos */;
			targetProxy = DA35FD48177275E5008E77D9 /* PBXContainerItemProxy */;
		};
/* End PBXTargetDependency section */

/* Begin PBXVariantGroup section */
		DA35FD1E177275E4008E77D9 /* InfoPlist.strings */ = {
			isa = PBXVariantGroup;
			children = (
				DA35FD1F177275E4008E77D9 /* en */,
			);
			name = InfoPlist.strings;
			sourceTree = "<group>";
		};
		DA35FD2D177275E4008E77D9 /* MainStoryboard.storyboard */ = {
			isa = PBXVariantGroup;
			children = (
				DA35FD2E177275E4008E77D9 /* en */,
			);
			name = MainStoryboard.storyboard;
			sourceTree = "<group>";
		};
		DA35FD4D177275E5008E77D9 /* InfoPlist.strings */ = {
			isa = PBXVariantGroup;
			children = (
				DA35FD4E177275E5008E77D9 /* en */,
			);
			name = InfoPlist.strings;
			sourceTree = "<group>";
		};
/* End PBXVariantGroup section */

/* Begin XCBuildConfiguration section */
		DA35FD53177275E5008E77D9 /* Debug */ = {
			isa = XCBuildConfiguration;
			buildSettings = {
				ALWAYS_SEARCH_USER_PATHS = NO;
				CLANG_CXX_LANGUAGE_STANDARD = "gnu++0x";
				CLANG_CXX_LIBRARY = "libc++";
				CLANG_ENABLE_OBJC_ARC = YES;
				CLANG_WARN_CONSTANT_CONVERSION = YES;
				CLANG_WARN_EMPTY_BODY = YES;
				CLANG_WARN_ENUM_CONVERSION = YES;
				CLANG_WARN_INT_CONVERSION = YES;
				CLANG_WARN__DUPLICATE_METHOD_MATCH = YES;
				"CODE_SIGN_IDENTITY[sdk=iphoneos*]" = "iPhone Developer";
				COPY_PHASE_STRIP = NO;
				GCC_C_LANGUAGE_STANDARD = gnu99;
				GCC_DYNAMIC_NO_PIC = NO;
				GCC_OPTIMIZATION_LEVEL = 0;
				GCC_PREPROCESSOR_DEFINITIONS = (
					"DEBUG=1",
					"$(inherited)",
				);
				GCC_SYMBOLS_PRIVATE_EXTERN = NO;
				GCC_WARN_ABOUT_RETURN_TYPE = YES;
				GCC_WARN_UNINITIALIZED_AUTOS = YES;
				GCC_WARN_UNUSED_VARIABLE = YES;
				IPHONEOS_DEPLOYMENT_TARGET = 6.1;
				ONLY_ACTIVE_ARCH = YES;
				SDKROOT = iphoneos;
			};
			name = Debug;
		};
		DA35FD54177275E5008E77D9 /* Release */ = {
			isa = XCBuildConfiguration;
			buildSettings = {
				ALWAYS_SEARCH_USER_PATHS = NO;
				CLANG_CXX_LANGUAGE_STANDARD = "gnu++0x";
				CLANG_CXX_LIBRARY = "libc++";
				CLANG_ENABLE_OBJC_ARC = YES;
				CLANG_WARN_CONSTANT_CONVERSION = YES;
				CLANG_WARN_EMPTY_BODY = YES;
				CLANG_WARN_ENUM_CONVERSION = YES;
				CLANG_WARN_INT_CONVERSION = YES;
				CLANG_WARN__DUPLICATE_METHOD_MATCH = YES;
				"CODE_SIGN_IDENTITY[sdk=iphoneos*]" = "iPhone Developer";
				COPY_PHASE_STRIP = YES;
				GCC_C_LANGUAGE_STANDARD = gnu99;
				GCC_WARN_ABOUT_RETURN_TYPE = YES;
				GCC_WARN_UNINITIALIZED_AUTOS = YES;
				GCC_WARN_UNUSED_VARIABLE = YES;
				IPHONEOS_DEPLOYMENT_TARGET = 6.1;
				OTHER_CFLAGS = "-DNS_BLOCK_ASSERTIONS=1";
				SDKROOT = iphoneos;
				VALIDATE_PRODUCT = YES;
			};
			name = Release;
		};
		DA35FD56177275E5008E77D9 /* Debug */ = {
			isa = XCBuildConfiguration;
			buildSettings = {
				ALWAYS_SEARCH_USER_PATHS = YES;
				ASSETCATALOG_COMPILER_APPICON_NAME = AppIcon;
				ASSETCATALOG_COMPILER_LAUNCHIMAGE_NAME = LaunchImage;
				FRAMEWORK_SEARCH_PATHS = (
					"$(inherited)",
					/Users/alexc/Documents/xcode/Adelphos/Adelphos,
					"/Users/rossevans/Documents/workspace/Adelphos/Adelphos-iOS",
				);
				GCC_PRECOMPILE_PREFIX_HEADER = YES;
				GCC_PREFIX_HEADER = "Adelphos/Adelphos-Prefix.pch";
				INFOPLIST_FILE = "Adelphos/Adelphos-Info.plist";
				IPHONEOS_DEPLOYMENT_TARGET = 7.0;
				OTHER_LDFLAGS = "-ObjC";
				PRODUCT_NAME = "$(TARGET_NAME)";
				TARGETED_DEVICE_FAMILY = 1;
				WRAPPER_EXTENSION = app;
			};
			name = Debug;
		};
		DA35FD57177275E5008E77D9 /* Release */ = {
			isa = XCBuildConfiguration;
			buildSettings = {
				ALWAYS_SEARCH_USER_PATHS = YES;
				ASSETCATALOG_COMPILER_APPICON_NAME = AppIcon;
				ASSETCATALOG_COMPILER_LAUNCHIMAGE_NAME = LaunchImage;
				FRAMEWORK_SEARCH_PATHS = (
					"$(inherited)",
					/Users/alexc/Documents/xcode/Adelphos/Adelphos,
					"/Users/rossevans/Documents/workspace/Adelphos/Adelphos-iOS",
				);
				GCC_PRECOMPILE_PREFIX_HEADER = YES;
				GCC_PREFIX_HEADER = "Adelphos/Adelphos-Prefix.pch";
				INFOPLIST_FILE = "Adelphos/Adelphos-Info.plist";
				IPHONEOS_DEPLOYMENT_TARGET = 7.0;
				OTHER_LDFLAGS = "-ObjC";
				PRODUCT_NAME = "$(TARGET_NAME)";
				TARGETED_DEVICE_FAMILY = 1;
				WRAPPER_EXTENSION = app;
			};
			name = Release;
		};
		DA35FD59177275E5008E77D9 /* Debug */ = {
			isa = XCBuildConfiguration;
			buildSettings = {
				BUNDLE_LOADER = "$(BUILT_PRODUCTS_DIR)/Adelphos.app/Adelphos";
				FRAMEWORK_SEARCH_PATHS = (
					"\"$(SDKROOT)/Developer/Library/Frameworks\"",
					"\"$(DEVELOPER_LIBRARY_DIR)/Frameworks\"",
				);
				GCC_PRECOMPILE_PREFIX_HEADER = YES;
				GCC_PREFIX_HEADER = "Adelphos/Adelphos-Prefix.pch";
				INFOPLIST_FILE = "AdelphosTests/AdelphosTests-Info.plist";
				PRODUCT_NAME = "$(TARGET_NAME)";
				TEST_HOST = "$(BUNDLE_LOADER)";
				WRAPPER_EXTENSION = octest;
			};
			name = Debug;
		};
		DA35FD5A177275E5008E77D9 /* Release */ = {
			isa = XCBuildConfiguration;
			buildSettings = {
				BUNDLE_LOADER = "$(BUILT_PRODUCTS_DIR)/Adelphos.app/Adelphos";
				FRAMEWORK_SEARCH_PATHS = (
					"\"$(SDKROOT)/Developer/Library/Frameworks\"",
					"\"$(DEVELOPER_LIBRARY_DIR)/Frameworks\"",
				);
				GCC_PRECOMPILE_PREFIX_HEADER = YES;
				GCC_PREFIX_HEADER = "Adelphos/Adelphos-Prefix.pch";
				INFOPLIST_FILE = "AdelphosTests/AdelphosTests-Info.plist";
				PRODUCT_NAME = "$(TARGET_NAME)";
				TEST_HOST = "$(BUNDLE_LOADER)";
				WRAPPER_EXTENSION = octest;
			};
			name = Release;
		};
/* End XCBuildConfiguration section */

/* Begin XCConfigurationList section */
		DA35FD0D177275E4008E77D9 /* Build configuration list for PBXProject "Adelphos" */ = {
			isa = XCConfigurationList;
			buildConfigurations = (
				DA35FD53177275E5008E77D9 /* Debug */,
				DA35FD54177275E5008E77D9 /* Release */,
			);
			defaultConfigurationIsVisible = 0;
			defaultConfigurationName = Release;
		};
		DA35FD55177275E5008E77D9 /* Build configuration list for PBXNativeTarget "Adelphos" */ = {
			isa = XCConfigurationList;
			buildConfigurations = (
				DA35FD56177275E5008E77D9 /* Debug */,
				DA35FD57177275E5008E77D9 /* Release */,
			);
			defaultConfigurationIsVisible = 0;
			defaultConfigurationName = Release;
		};
		DA35FD58177275E5008E77D9 /* Build configuration list for PBXNativeTarget "AdelphosTests" */ = {
			isa = XCConfigurationList;
			buildConfigurations = (
				DA35FD59177275E5008E77D9 /* Debug */,
				DA35FD5A177275E5008E77D9 /* Release */,
			);
			defaultConfigurationIsVisible = 0;
			defaultConfigurationName = Release;
		};
/* End XCConfigurationList section */
	};
	rootObject = DA35FD0A177275E4008E77D9 /* Project object */;
}
